{
  "name": "pizzashop",
  "lockfileVersion": 3,
  "requires": true,
  "packages": {
    "": {
      "devDependencies": {
        "@tailwindcss/line-clamp": "^0.4.4"
      }
    },
    "node_modules/@tailwindcss/line-clamp": {
      "version": "0.4.4",
      "resolved": "https://registry.npmjs.org/@tailwindcss/line-clamp/-/line-clamp-0.4.4.tgz",
      "integrity": "sha512-5U6SY5z8N42VtrCrKlsTAA35gy2VSyYtHWCsg1H87NU1SXnEfekTVlrga9fzUDrrHcGi2Lb5KenUWb4lRQT5/g==",
      "dev": true,
      "peerDependencies": {
        "tailwindcss": ">=2.0.0 || >=3.0.0 || >=3.0.0-alpha.1"
      }
    },
    "node_modules/tailwindcss": {
      "version": "4.1.3",
      "resolved": "https://registry.npmjs.org/tailwindcss/-/tailwindcss-4.1.3.tgz",
      "integrity": "sha512-2Q+rw9vy1WFXu5cIxlvsabCwhU2qUwodGq03ODhLJ0jW4ek5BUtoCsnLB0qG+m8AHgEsSJcJGDSDe06FXlP74g==",
      "dev": true,
      "peer": true
    }
  }
}
